// !$*UTF8*$!
{
	archiveVersion = 1;
	classes = {
	};
	objectVersion = 56;
	objects = {

/* Begin PBXBuildFile section */
		0DFF17E729E43A83008FFE04 /* AppDelegate.swift in Sources */ = {isa = PBXBuildFile; fileRef = 0DFF17E629E43A83008FFE04 /* AppDelegate.swift */; };
		0DFF17E929E43A83008FFE04 /* SceneDelegate.swift in Sources */ = {isa = PBXBuildFile; fileRef = 0DFF17E829E43A83008FFE04 /* SceneDelegate.swift */; };
		0DFF17F029E43A84008FFE04 /* Assets.xcassets in Resources */ = {isa = PBXBuildFile; fileRef = 0DFF17EF29E43A84008FFE04 /* Assets.xcassets */; };
		0DFF17F329E43A84008FFE04 /* LaunchScreen.storyboard in Resources */ = {isa = PBXBuildFile; fileRef = 0DFF17F129E43A84008FFE04 /* LaunchScreen.storyboard */; };
		0DFF17FF29E43B22008FFE04 /* SpringBoardViewController.swift in Sources */ = {isa = PBXBuildFile; fileRef = 0DFF17FE29E43B22008FFE04 /* SpringBoardViewController.swift */; };
		0DFF180129E43B34008FFE04 /* SpringBoardViewModel.swift in Sources */ = {isa = PBXBuildFile; fileRef = 0DFF180029E43B34008FFE04 /* SpringBoardViewModel.swift */; };
		0DFF180329E43B3C008FFE04 /* SpringBoardResources.swift in Sources */ = {isa = PBXBuildFile; fileRef = 0DFF180229E43B3C008FFE04 /* SpringBoardResources.swift */; };
		0DFF180529E43B45008FFE04 /* SpringBoardFactory.swift in Sources */ = {isa = PBXBuildFile; fileRef = 0DFF180429E43B45008FFE04 /* SpringBoardFactory.swift */; };
		0DFF180C29E43F41008FFE04 /* NetworkService.swift in Sources */ = {isa = PBXBuildFile; fileRef = 0DFF180B29E43F41008FFE04 /* NetworkService.swift */; };
		0DFF180E29E4538A008FFE04 /* ImageService.swift in Sources */ = {isa = PBXBuildFile; fileRef = 0DFF180D29E4538A008FFE04 /* ImageService.swift */; };
		0DFF181029E45669008FFE04 /* Request.swift in Sources */ = {isa = PBXBuildFile; fileRef = 0DFF180F29E45669008FFE04 /* Request.swift */; };
		0DFF181229E5364C008FFE04 /* SpringBoardCollectionView.swift in Sources */ = {isa = PBXBuildFile; fileRef = 0DFF181129E5364C008FFE04 /* SpringBoardCollectionView.swift */; };
		0DFF181729E5366A008FFE04 /* SpringBoardCollectionViewCell.swift in Sources */ = {isa = PBXBuildFile; fileRef = 0DFF181629E5366A008FFE04 /* SpringBoardCollectionViewCell.swift */; };
/* End PBXBuildFile section */

/* Begin PBXFileReference section */
		0DFF17E329E43A83008FFE04 /* ElinextFlickrSpringBoard.app */ = {isa = PBXFileReference; explicitFileType = wrapper.application; includeInIndex = 0; path = ElinextFlickrSpringBoard.app; sourceTree = BUILT_PRODUCTS_DIR; };
		0DFF17E629E43A83008FFE04 /* AppDelegate.swift */ = {isa = PBXFileReference; lastKnownFileType = sourcecode.swift; path = AppDelegate.swift; sourceTree = "<group>"; };
		0DFF17E829E43A83008FFE04 /* SceneDelegate.swift */ = {isa = PBXFileReference; lastKnownFileType = sourcecode.swift; path = SceneDelegate.swift; sourceTree = "<group>"; };
		0DFF17EF29E43A84008FFE04 /* Assets.xcassets */ = {isa = PBXFileReference; lastKnownFileType = folder.assetcatalog; path = Assets.xcassets; sourceTree = "<group>"; };
		0DFF17F229E43A84008FFE04 /* Base */ = {isa = PBXFileReference; lastKnownFileType = file.storyboard; name = Base; path = Base.lproj/LaunchScreen.storyboard; sourceTree = "<group>"; };
		0DFF17F429E43A84008FFE04 /* Info.plist */ = {isa = PBXFileReference; lastKnownFileType = text.plist.xml; path = Info.plist; sourceTree = "<group>"; };
		0DFF17FE29E43B22008FFE04 /* SpringBoardViewController.swift */ = {isa = PBXFileReference; lastKnownFileType = sourcecode.swift; path = SpringBoardViewController.swift; sourceTree = "<group>"; };
		0DFF180029E43B34008FFE04 /* SpringBoardViewModel.swift */ = {isa = PBXFileReference; lastKnownFileType = sourcecode.swift; path = SpringBoardViewModel.swift; sourceTree = "<group>"; };
		0DFF180229E43B3C008FFE04 /* SpringBoardResources.swift */ = {isa = PBXFileReference; lastKnownFileType = sourcecode.swift; path = SpringBoardResources.swift; sourceTree = "<group>"; };
		0DFF180429E43B45008FFE04 /* SpringBoardFactory.swift */ = {isa = PBXFileReference; lastKnownFileType = sourcecode.swift; path = SpringBoardFactory.swift; sourceTree = "<group>"; };
		0DFF180B29E43F41008FFE04 /* NetworkService.swift */ = {isa = PBXFileReference; lastKnownFileType = sourcecode.swift; path = NetworkService.swift; sourceTree = "<group>"; };
		0DFF180D29E4538A008FFE04 /* ImageService.swift */ = {isa = PBXFileReference; lastKnownFileType = sourcecode.swift; path = ImageService.swift; sourceTree = "<group>"; };
		0DFF180F29E45669008FFE04 /* Request.swift */ = {isa = PBXFileReference; lastKnownFileType = sourcecode.swift; path = Request.swift; sourceTree = "<group>"; };
		0DFF181129E5364C008FFE04 /* SpringBoardCollectionView.swift */ = {isa = PBXFileReference; lastKnownFileType = sourcecode.swift; path = SpringBoardCollectionView.swift; sourceTree = "<group>"; };
		0DFF181629E5366A008FFE04 /* SpringBoardCollectionViewCell.swift */ = {isa = PBXFileReference; lastKnownFileType = sourcecode.swift; path = SpringBoardCollectionViewCell.swift; sourceTree = "<group>"; };
/* End PBXFileReference section */

/* Begin PBXFrameworksBuildPhase section */
		0DFF17E029E43A83008FFE04 /* Frameworks */ = {
			isa = PBXFrameworksBuildPhase;
			buildActionMask = 2147483647;
			files = (
			);
			runOnlyForDeploymentPostprocessing = 0;
		};
/* End PBXFrameworksBuildPhase section */

/* Begin PBXGroup section */
		0DFF17DA29E43A83008FFE04 = {
			isa = PBXGroup;
			children = (
				0DFF17E529E43A83008FFE04 /* ElinextFlickrSpringBoard */,
				0DFF17E429E43A83008FFE04 /* Products */,
			);
			sourceTree = "<group>";
		};
		0DFF17E429E43A83008FFE04 /* Products */ = {
			isa = PBXGroup;
			children = (
				0DFF17E329E43A83008FFE04 /* ElinextFlickrSpringBoard.app */,
			);
			name = Products;
			sourceTree = "<group>";
		};
		0DFF17E529E43A83008FFE04 /* ElinextFlickrSpringBoard */ = {
			isa = PBXGroup;
			children = (
				0DFF17E629E43A83008FFE04 /* AppDelegate.swift */,
				0DFF17E829E43A83008FFE04 /* SceneDelegate.swift */,
				0DFF180629E43F1D008FFE04 /* Data Layer */,
				0DFF17FA29E43B03008FFE04 /* SpringBoard */,
				0DFF17EF29E43A84008FFE04 /* Assets.xcassets */,
				0DFF17F129E43A84008FFE04 /* LaunchScreen.storyboard */,
				0DFF17F429E43A84008FFE04 /* Info.plist */,
			);
			path = ElinextFlickrSpringBoard;
			sourceTree = "<group>";
		};
		0DFF17FA29E43B03008FFE04 /* SpringBoard */ = {
			isa = PBXGroup;
			children = (
				0DFF17FB29E43B09008FFE04 /* Views */,
				0DFF180429E43B45008FFE04 /* SpringBoardFactory.swift */,
				0DFF180229E43B3C008FFE04 /* SpringBoardResources.swift */,
				0DFF180029E43B34008FFE04 /* SpringBoardViewModel.swift */,
				0DFF17FE29E43B22008FFE04 /* SpringBoardViewController.swift */,
			);
			path = SpringBoard;
			sourceTree = "<group>";
		};
		0DFF17FB29E43B09008FFE04 /* Views */ = {
			isa = PBXGroup;
			children = (
				0DFF181529E5365A008FFE04 /* SpringBoardCollectionViewCell */,
				0DFF181129E5364C008FFE04 /* SpringBoardCollectionView.swift */,
			);
			path = Views;
			sourceTree = "<group>";
		};
		0DFF180629E43F1D008FFE04 /* Data Layer */ = {
			isa = PBXGroup;
			children = (
				0DFF180929E43F2F008FFE04 /* Network */,
			);
			path = "Data Layer";
			sourceTree = "<group>";
		};
		0DFF180929E43F2F008FFE04 /* Network */ = {
			isa = PBXGroup;
			children = (
				0DFF180F29E45669008FFE04 /* Request.swift */,
				0DFF180B29E43F41008FFE04 /* NetworkService.swift */,
				0DFF180D29E4538A008FFE04 /* ImageService.swift */,
			);
			path = Network;
			sourceTree = "<group>";
		};
		0DFF181529E5365A008FFE04 /* SpringBoardCollectionViewCell */ = {
			isa = PBXGroup;
			children = (
				0DFF181629E5366A008FFE04 /* SpringBoardCollectionViewCell.swift */,
			);
			path = SpringBoardCollectionViewCell;
			sourceTree = "<group>";
		};
/* End PBXGroup section */

/* Begin PBXNativeTarget section */
		0DFF17E229E43A83008FFE04 /* ElinextFlickrSpringBoard */ = {
			isa = PBXNativeTarget;
			buildConfigurationList = 0DFF17F729E43A84008FFE04 /* Build configuration list for PBXNativeTarget "ElinextFlickrSpringBoard" */;
			buildPhases = (
				0DFF17DF29E43A83008FFE04 /* Sources */,
				0DFF17E029E43A83008FFE04 /* Frameworks */,
				0DFF17E129E43A83008FFE04 /* Resources */,
			);
			buildRules = (
			);
			dependencies = (
			);
			name = ElinextFlickrSpringBoard;
			productName = ElinextFlickrSpringBoard;
			productReference = 0DFF17E329E43A83008FFE04 /* ElinextFlickrSpringBoard.app */;
			productType = "com.apple.product-type.application";
		};
/* End PBXNativeTarget section */

/* Begin PBXProject section */
		0DFF17DB29E43A83008FFE04 /* Project object */ = {
			isa = PBXProject;
			attributes = {
				BuildIndependentTargetsInParallel = 1;
				LastSwiftUpdateCheck = 1400;
				LastUpgradeCheck = 1400;
				TargetAttributes = {
					0DFF17E229E43A83008FFE04 = {
						CreatedOnToolsVersion = 14.0.1;
					};
				};
			};
			buildConfigurationList = 0DFF17DE29E43A83008FFE04 /* Build configuration list for PBXProject "ElinextFlickrSpringBoard" */;
			compatibilityVersion = "Xcode 14.0";
			developmentRegion = en;
			hasScannedForEncodings = 0;
			knownRegions = (
				en,
				Base,
			);
			mainGroup = 0DFF17DA29E43A83008FFE04;
			productRefGroup = 0DFF17E429E43A83008FFE04 /* Products */;
			projectDirPath = "";
			projectRoot = "";
			targets = (
				0DFF17E229E43A83008FFE04 /* ElinextFlickrSpringBoard */,
			);
		};
/* End PBXProject section */

/* Begin PBXResourcesBuildPhase section */
		0DFF17E129E43A83008FFE04 /* Resources */ = {
			isa = PBXResourcesBuildPhase;
			buildActionMask = 2147483647;
			files = (
				0DFF17F329E43A84008FFE04 /* LaunchScreen.storyboard in Resources */,
				0DFF17F029E43A84008FFE04 /* Assets.xcassets in Resources */,
			);
			runOnlyForDeploymentPostprocessing = 0;
		};
/* End PBXResourcesBuildPhase section */

/* Begin PBXSourcesBuildPhase section */
		0DFF17DF29E43A83008FFE04 /* Sources */ = {
			isa = PBXSourcesBuildPhase;
			buildActionMask = 2147483647;
			files = (
				0DFF181729E5366A008FFE04 /* SpringBoardCollectionViewCell.swift in Sources */,
				0DFF180129E43B34008FFE04 /* SpringBoardViewModel.swift in Sources */,
				0DFF180E29E4538A008FFE04 /* ImageService.swift in Sources */,
				0DFF17E729E43A83008FFE04 /* AppDelegate.swift in Sources */,
				0DFF17E929E43A83008FFE04 /* SceneDelegate.swift in Sources */,
				0DFF17FF29E43B22008FFE04 /* SpringBoardViewController.swift in Sources */,
				0DFF180529E43B45008FFE04 /* SpringBoardFactory.swift in Sources */,
				0DFF180329E43B3C008FFE04 /* SpringBoardResources.swift in Sources */,
				0DFF181029E45669008FFE04 /* Request.swift in Sources */,
				0DFF181229E5364C008FFE04 /* SpringBoardCollectionView.swift in Sources */,
				0DFF180C29E43F41008FFE04 /* NetworkService.swift in Sources */,
			);
			runOnlyForDeploymentPostprocessing = 0;
		};
/* End PBXSourcesBuildPhase section */

/* Begin PBXVariantGroup section */
		0DFF17F129E43A84008FFE04 /* LaunchScreen.storyboard */ = {
			isa = PBXVariantGroup;
			children = (
				0DFF17F229E43A84008FFE04 /* Base */,
			);
			name = LaunchScreen.storyboard;
			sourceTree = "<group>";
		};
/* End PBXVariantGroup section */

/* Begin XCBuildConfiguration section */
		0DFF17F529E43A84008FFE04 /* Debug */ = {
			isa = XCBuildConfiguration;
			buildSettings = {
				ALWAYS_SEARCH_USER_PATHS = NO;
				CLANG_ANALYZER_NONNULL = YES;
				CLANG_ANALYZER_NUMBER_OBJECT_CONVERSION = YES_AGGRESSIVE;
				CLANG_CXX_LANGUAGE_STANDARD = "gnu++20";
				CLANG_ENABLE_MODULES = YES;
				CLANG_ENABLE_OBJC_ARC = YES;
				CLANG_ENABLE_OBJC_WEAK = YES;
				CLANG_WARN_BLOCK_CAPTURE_AUTORELEASING = YES;
				CLANG_WARN_BOOL_CONVERSION = YES;
				CLANG_WARN_COMMA = YES;
				CLANG_WARN_CONSTANT_CONVERSION = YES;
				CLANG_WARN_DEPRECATED_OBJC_IMPLEMENTATIONS = YES;
				CLANG_WARN_DIRECT_OBJC_ISA_USAGE = YES_ERROR;
				CLANG_WARN_DOCUMENTATION_COMMENTS = YES;
				CLANG_WARN_EMPTY_BODY = YES;
				CLANG_WARN_ENUM_CONVERSION = YES;
				CLANG_WARN_INFINITE_RECURSION = YES;
				CLANG_WARN_INT_CONVERSION = YES;
				CLANG_WARN_NON_LITERAL_NULL_CONVERSION = YES;
				CLANG_WARN_OBJC_IMPLICIT_RETAIN_SELF = YES;
				CLANG_WARN_OBJC_LITERAL_CONVERSION = YES;
				CLANG_WARN_OBJC_ROOT_CLASS = YES_ERROR;
				CLANG_WARN_QUOTED_INCLUDE_IN_FRAMEWORK_HEADER = YES;
				CLANG_WARN_RANGE_LOOP_ANALYSIS = YES;
				CLANG_WARN_STRICT_PROTOTYPES = YES;
				CLANG_WARN_SUSPICIOUS_MOVE = YES;
				CLANG_WARN_UNGUARDED_AVAILABILITY = YES_AGGRESSIVE;
				CLANG_WARN_UNREACHABLE_CODE = YES;
				CLANG_WARN__DUPLICATE_METHOD_MATCH = YES;
				COPY_PHASE_STRIP = NO;
				DEBUG_INFORMATION_FORMAT = dwarf;
				ENABLE_STRICT_OBJC_MSGSEND = YES;
				ENABLE_TESTABILITY = YES;
				GCC_C_LANGUAGE_STANDARD = gnu11;
				GCC_DYNAMIC_NO_PIC = NO;
				GCC_NO_COMMON_BLOCKS = YES;
				GCC_OPTIMIZATION_LEVEL = 0;
				GCC_PREPROCESSOR_DEFINITIONS = (
					"DEBUG=1",
					"$(inherited)",
				);
				GCC_WARN_64_TO_32_BIT_CONVERSION = YES;
				GCC_WARN_ABOUT_RETURN_TYPE = YES_ERROR;
				GCC_WARN_UNDECLARED_SELECTOR = YES;
				GCC_WARN_UNINITIALIZED_AUTOS = YES_AGGRESSIVE;
				GCC_WARN_UNUSED_FUNCTION = YES;
				GCC_WARN_UNUSED_VARIABLE = YES;
				IPHONEOS_DEPLOYMENT_TARGET = 13.0;
				MTL_ENABLE_DEBUG_INFO = INCLUDE_SOURCE;
				MTL_FAST_MATH = YES;
				ONLY_ACTIVE_ARCH = YES;
				SDKROOT = iphoneos;
				SWIFT_ACTIVE_COMPILATION_CONDITIONS = DEBUG;
				SWIFT_OPTIMIZATION_LEVEL = "-Onone";
			};
			name = Debug;
		};
		0DFF17F629E43A84008FFE04 /* Release */ = {
			isa = XCBuildConfiguration;
			buildSettings = {
				ALWAYS_SEARCH_USER_PATHS = NO;
				CLANG_ANALYZER_NONNULL = YES;
				CLANG_ANALYZER_NUMBER_OBJECT_CONVERSION = YES_AGGRESSIVE;
				CLANG_CXX_LANGUAGE_STANDARD = "gnu++20";
				CLANG_ENABLE_MODULES = YES;
				CLANG_ENABLE_OBJC_ARC = YES;
				CLANG_ENABLE_OBJC_WEAK = YES;
				CLANG_WARN_BLOCK_CAPTURE_AUTORELEASING = YES;
				CLANG_WARN_BOOL_CONVERSION = YES;
				CLANG_WARN_COMMA = YES;
				CLANG_WARN_CONSTANT_CONVERSION = YES;
				CLANG_WARN_DEPRECATED_OBJC_IMPLEMENTATIONS = YES;
				CLANG_WARN_DIRECT_OBJC_ISA_USAGE = YES_ERROR;
				CLANG_WARN_DOCUMENTATION_COMMENTS = YES;
				CLANG_WARN_EMPTY_BODY = YES;
				CLANG_WARN_ENUM_CONVERSION = YES;
				CLANG_WARN_INFINITE_RECURSION = YES;
				CLANG_WARN_INT_CONVERSION = YES;
				CLANG_WARN_NON_LITERAL_NULL_CONVERSION = YES;
				CLANG_WARN_OBJC_IMPLICIT_RETAIN_SELF = YES;
				CLANG_WARN_OBJC_LITERAL_CONVERSION = YES;
				CLANG_WARN_OBJC_ROOT_CLASS = YES_ERROR;
				CLANG_WARN_QUOTED_INCLUDE_IN_FRAMEWORK_HEADER = YES;
				CLANG_WARN_RANGE_LOOP_ANALYSIS = YES;
				CLANG_WARN_STRICT_PROTOTYPES = YES;
				CLANG_WARN_SUSPICIOUS_MOVE = YES;
				CLANG_WARN_UNGUARDED_AVAILABILITY = YES_AGGRESSIVE;
				CLANG_WARN_UNREACHABLE_CODE = YES;
				CLANG_WARN__DUPLICATE_METHOD_MATCH = YES;
				COPY_PHASE_STRIP = NO;
				DEBUG_INFORMATION_FORMAT = "dwarf-with-dsym";
				ENABLE_NS_ASSERTIONS = NO;
				ENABLE_STRICT_OBJC_MSGSEND = YES;
				GCC_C_LANGUAGE_STANDARD = gnu11;
				GCC_NO_COMMON_BLOCKS = YES;
				GCC_WARN_64_TO_32_BIT_CONVERSION = YES;
				GCC_WARN_ABOUT_RETURN_TYPE = YES_ERROR;
				GCC_WARN_UNDECLARED_SELECTOR = YES;
				GCC_WARN_UNINITIALIZED_AUTOS = YES_AGGRESSIVE;
				GCC_WARN_UNUSED_FUNCTION = YES;
				GCC_WARN_UNUSED_VARIABLE = YES;
				IPHONEOS_DEPLOYMENT_TARGET = 13.0;
				MTL_ENABLE_DEBUG_INFO = NO;
				MTL_FAST_MATH = YES;
				SDKROOT = iphoneos;
				SWIFT_COMPILATION_MODE = wholemodule;
				SWIFT_OPTIMIZATION_LEVEL = "-O";
				VALIDATE_PRODUCT = YES;
			};
			name = Release;
		};
		0DFF17F829E43A84008FFE04 /* Debug */ = {
			isa = XCBuildConfiguration;
			buildSettings = {
				ASSETCATALOG_COMPILER_APPICON_NAME = AppIcon;
				ASSETCATALOG_COMPILER_GLOBAL_ACCENT_COLOR_NAME = AccentColor;
				CODE_SIGN_STYLE = Automatic;
				CURRENT_PROJECT_VERSION = 1;
				DEVELOPMENT_TEAM = FAD3VV45WY;
				GENERATE_INFOPLIST_FILE = YES;
				INFOPLIST_FILE = ElinextFlickrSpringBoard/Info.plist;
				INFOPLIST_KEY_UIApplicationSupportsIndirectInputEvents = YES;
				INFOPLIST_KEY_UILaunchStoryboardName = LaunchScreen;
				INFOPLIST_KEY_UISupportedInterfaceOrientations_iPad = "UIInterfaceOrientationPortrait UIInterfaceOrientationPortraitUpsideDown UIInterfaceOrientationLandscapeLeft UIInterfaceOrientationLandscapeRight";
				INFOPLIST_KEY_UISupportedInterfaceOrientations_iPhone = "UIInterfaceOrientationPortrait UIInterfaceOrientationLandscapeLeft UIInterfaceOrientationLandscapeRight";
				IPHONEOS_DEPLOYMENT_TARGET = 13.0;
				LD_RUNPATH_SEARCH_PATHS = (
					"$(inherited)",
					"@executable_path/Frameworks",
				);
				MARKETING_VERSION = 1.0;
				PRODUCT_BUNDLE_IDENTIFIER = co.katsubo.ElinextFlickrSpringBoard;
				PRODUCT_NAME = "$(TARGET_NAME)";
				SWIFT_EMIT_LOC_STRINGS = YES;
				SWIFT_VERSION = 5.0;
				TARGETED_DEVICE_FAMILY = "1,2";
			};
			name = Debug;
		};
		0DFF17F929E43A84008FFE04 /* Release */ = {
			isa = XCBuildConfiguration;
			buildSettings = {
				ASSETCATALOG_COMPILER_APPICON_NAME = AppIcon;
				ASSETCATALOG_COMPILER_GLOBAL_ACCENT_COLOR_NAME = AccentColor;
				CODE_SIGN_STYLE = Automatic;
				CURRENT_PROJECT_VERSION = 1;
				DEVELOPMENT_TEAM = FAD3VV45WY;
				GENERATE_INFOPLIST_FILE = YES;
				INFOPLIST_FILE = ElinextFlickrSpringBoard/Info.plist;
				INFOPLIST_KEY_UIApplicationSupportsIndirectInputEvents = YES;
				INFOPLIST_KEY_UILaunchStoryboardName = LaunchScreen;
				INFOPLIST_KEY_UISupportedInterfaceOrientations_iPad = "UIInterfaceOrientationPortrait UIInterfaceOrientationPortraitUpsideDown UIInterfaceOrientationLandscapeLeft UIInterfaceOrientationLandscapeRight";
				INFOPLIST_KEY_UISupportedInterfaceOrientations_iPhone = "UIInterfaceOrientationPortrait UIInterfaceOrientationLandscapeLeft UIInterfaceOrientationLandscapeRight";
				IPHONEOS_DEPLOYMENT_TARGET = 13.0;
				LD_RUNPATH_SEARCH_PATHS = (
					"$(inherited)",
					"@executable_path/Frameworks",
				);
				MARKETING_VERSION = 1.0;
				PRODUCT_BUNDLE_IDENTIFIER = co.katsubo.ElinextFlickrSpringBoard;
				PRODUCT_NAME = "$(TARGET_NAME)";
				SWIFT_EMIT_LOC_STRINGS = YES;
				SWIFT_VERSION = 5.0;
				TARGETED_DEVICE_FAMILY = "1,2";
			};
			name = Release;
		};
/* End XCBuildConfiguration section */

/* Begin XCConfigurationList section */
		0DFF17DE29E43A83008FFE04 /* Build configuration list for PBXProject "ElinextFlickrSpringBoard" */ = {
			isa = XCConfigurationList;
			buildConfigurations = (
				0DFF17F529E43A84008FFE04 /* Debug */,
				0DFF17F629E43A84008FFE04 /* Release */,
			);
			defaultConfigurationIsVisible = 0;
			defaultConfigurationName = Release;
		};
		0DFF17F729E43A84008FFE04 /* Build configuration list for PBXNativeTarget "ElinextFlickrSpringBoard" */ = {
			isa = XCConfigurationList;
			buildConfigurations = (
				0DFF17F829E43A84008FFE04 /* Debug */,
				0DFF17F929E43A84008FFE04 /* Release */,
			);
			defaultConfigurationIsVisible = 0;
			defaultConfigurationName = Release;
		};
/* End XCConfigurationList section */
	};
	rootObject = 0DFF17DB29E43A83008FFE04 /* Project object */;
}
